// !$*UTF8*$!
{
	archiveVersion = 1;
	classes = {
	};
	objectVersion = 46;
	objects = {

/* Begin PBXBuildFile section */
		41E8A88B8983C8B7ADDD635B /* Pods_Paid.framework in Frameworks */ = {isa = PBXBuildFile; fileRef = FC657B7186B2D2671195A104 /* Pods_Paid.framework */; };
		58D240BA5631777D99349BAD /* Pods_PaidTests.framework in Frameworks */ = {isa = PBXBuildFile; fileRef = 84A6CA057E17FB3563B54114 /* Pods_PaidTests.framework */; };
		B491B24B1EAFA12B0020D99B /* AppDelegate.swift in Sources */ = {isa = PBXBuildFile; fileRef = B491B24A1EAFA12B0020D99B /* AppDelegate.swift */; };
		B491B24D1EAFA12B0020D99B /* ViewController.swift in Sources */ = {isa = PBXBuildFile; fileRef = B491B24C1EAFA12B0020D99B /* ViewController.swift */; };
		B491B2501EAFA12B0020D99B /* Main.storyboard in Resources */ = {isa = PBXBuildFile; fileRef = B491B24E1EAFA12B0020D99B /* Main.storyboard */; };
		B491B2521EAFA12B0020D99B /* Assets.xcassets in Resources */ = {isa = PBXBuildFile; fileRef = B491B2511EAFA12B0020D99B /* Assets.xcassets */; };
		B491B2551EAFA12B0020D99B /* LaunchScreen.storyboard in Resources */ = {isa = PBXBuildFile; fileRef = B491B2531EAFA12B0020D99B /* LaunchScreen.storyboard */; };
		B491B2601EAFA12C0020D99B /* PaidTests.swift in Sources */ = {isa = PBXBuildFile; fileRef = B491B25F1EAFA12C0020D99B /* PaidTests.swift */; };
/* End PBXBuildFile section */

/* Begin PBXContainerItemProxy section */
		B491B25C1EAFA12C0020D99B /* PBXContainerItemProxy */ = {
			isa = PBXContainerItemProxy;
			containerPortal = B491B23F1EAFA12B0020D99B /* Project object */;
			proxyType = 1;
			remoteGlobalIDString = B491B2461EAFA12B0020D99B;
			remoteInfo = Paid;
		};
/* End PBXContainerItemProxy section */

/* Begin PBXFileReference section */
		63F8DDE8C42E71E024A96CC7 /* Pods-Paid.debug.xcconfig */ = {isa = PBXFileReference; includeInIndex = 1; lastKnownFileType = text.xcconfig; name = "Pods-Paid.debug.xcconfig"; path = "Pods/Target Support Files/Pods-Paid/Pods-Paid.debug.xcconfig"; sourceTree = "<group>"; };
		7C56C1BBDDB54366FD2A6AE9 /* Pods-PaidTests.release.xcconfig */ = {isa = PBXFileReference; includeInIndex = 1; lastKnownFileType = text.xcconfig; name = "Pods-PaidTests.release.xcconfig"; path = "Pods/Target Support Files/Pods-PaidTests/Pods-PaidTests.release.xcconfig"; sourceTree = "<group>"; };
		84A6CA057E17FB3563B54114 /* Pods_PaidTests.framework */ = {isa = PBXFileReference; explicitFileType = wrapper.framework; includeInIndex = 0; path = Pods_PaidTests.framework; sourceTree = BUILT_PRODUCTS_DIR; };
		89D0F55EA6F19CFA7239D245 /* Pods-PaidTests.debug.xcconfig */ = {isa = PBXFileReference; includeInIndex = 1; lastKnownFileType = text.xcconfig; name = "Pods-PaidTests.debug.xcconfig"; path = "Pods/Target Support Files/Pods-PaidTests/Pods-PaidTests.debug.xcconfig"; sourceTree = "<group>"; };
		A5A8FEA53F5F0430EC5D07ED /* Pods-Paid.release.xcconfig */ = {isa = PBXFileReference; includeInIndex = 1; lastKnownFileType = text.xcconfig; name = "Pods-Paid.release.xcconfig"; path = "Pods/Target Support Files/Pods-Paid/Pods-Paid.release.xcconfig"; sourceTree = "<group>"; };
		B491B2471EAFA12B0020D99B /* Paid.app */ = {isa = PBXFileReference; explicitFileType = wrapper.application; includeInIndex = 0; path = Paid.app; sourceTree = BUILT_PRODUCTS_DIR; };
		B491B24A1EAFA12B0020D99B /* AppDelegate.swift */ = {isa = PBXFileReference; lastKnownFileType = sourcecode.swift; path = AppDelegate.swift; sourceTree = "<group>"; };
		B491B24C1EAFA12B0020D99B /* ViewController.swift */ = {isa = PBXFileReference; lastKnownFileType = sourcecode.swift; path = ViewController.swift; sourceTree = "<group>"; };
		B491B24F1EAFA12B0020D99B /* Base */ = {isa = PBXFileReference; lastKnownFileType = file.storyboard; name = Base; path = Base.lproj/Main.storyboard; sourceTree = "<group>"; };
		B491B2511EAFA12B0020D99B /* Assets.xcassets */ = {isa = PBXFileReference; lastKnownFileType = folder.assetcatalog; path = Assets.xcassets; sourceTree = "<group>"; };
		B491B2541EAFA12B0020D99B /* Base */ = {isa = PBXFileReference; lastKnownFileType = file.storyboard; name = Base; path = Base.lproj/LaunchScreen.storyboard; sourceTree = "<group>"; };
		B491B2561EAFA12B0020D99B /* Info.plist */ = {isa = PBXFileReference; lastKnownFileType = text.plist.xml; path = Info.plist; sourceTree = "<group>"; };
		B491B25B1EAFA12C0020D99B /* PaidTests.xctest */ = {isa = PBXFileReference; explicitFileType = wrapper.cfbundle; includeInIndex = 0; path = PaidTests.xctest; sourceTree = BUILT_PRODUCTS_DIR; };
		B491B25F1EAFA12C0020D99B /* PaidTests.swift */ = {isa = PBXFileReference; lastKnownFileType = sourcecode.swift; path = PaidTests.swift; sourceTree = "<group>"; };
		B491B2611EAFA12C0020D99B /* Info.plist */ = {isa = PBXFileReference; lastKnownFileType = text.plist.xml; path = Info.plist; sourceTree = "<group>"; };
		FC657B7186B2D2671195A104 /* Pods_Paid.framework */ = {isa = PBXFileReference; explicitFileType = wrapper.framework; includeInIndex = 0; path = Pods_Paid.framework; sourceTree = BUILT_PRODUCTS_DIR; };
/* End PBXFileReference section */

/* Begin PBXFrameworksBuildPhase section */
		B491B2441EAFA12B0020D99B /* Frameworks */ = {
			isa = PBXFrameworksBuildPhase;
			buildActionMask = 2147483647;
			files = (
				41E8A88B8983C8B7ADDD635B /* Pods_Paid.framework in Frameworks */,
			);
			runOnlyForDeploymentPostprocessing = 0;
		};
		B491B2581EAFA12C0020D99B /* Frameworks */ = {
			isa = PBXFrameworksBuildPhase;
			buildActionMask = 2147483647;
			files = (
				58D240BA5631777D99349BAD /* Pods_PaidTests.framework in Frameworks */,
			);
			runOnlyForDeploymentPostprocessing = 0;
		};
/* End PBXFrameworksBuildPhase section */

/* Begin PBXGroup section */
		1F85BDE9DA75EAEA53FACC0C /* Pods */ = {
			isa = PBXGroup;
			children = (
				63F8DDE8C42E71E024A96CC7 /* Pods-Paid.debug.xcconfig */,
				A5A8FEA53F5F0430EC5D07ED /* Pods-Paid.release.xcconfig */,
				89D0F55EA6F19CFA7239D245 /* Pods-PaidTests.debug.xcconfig */,
				7C56C1BBDDB54366FD2A6AE9 /* Pods-PaidTests.release.xcconfig */,
			);
			name = Pods;
			sourceTree = "<group>";
		};
		3A14C3407F05B243F317398E /* Frameworks */ = {
			isa = PBXGroup;
			children = (
				FC657B7186B2D2671195A104 /* Pods_Paid.framework */,
				84A6CA057E17FB3563B54114 /* Pods_PaidTests.framework */,
			);
			name = Frameworks;
			sourceTree = "<group>";
		};
		B491B23E1EAFA12B0020D99B = {
			isa = PBXGroup;
			children = (
				B491B2491EAFA12B0020D99B /* Paid */,
				B491B25E1EAFA12C0020D99B /* PaidTests */,
				B491B2481EAFA12B0020D99B /* Products */,
				1F85BDE9DA75EAEA53FACC0C /* Pods */,
				3A14C3407F05B243F317398E /* Frameworks */,
			);
			sourceTree = "<group>";
		};
		B491B2481EAFA12B0020D99B /* Products */ = {
			isa = PBXGroup;
			children = (
				B491B2471EAFA12B0020D99B /* Paid.app */,
				B491B25B1EAFA12C0020D99B /* PaidTests.xctest */,
			);
			name = Products;
			sourceTree = "<group>";
		};
		B491B2491EAFA12B0020D99B /* Paid */ = {
			isa = PBXGroup;
			children = (
				B491B24A1EAFA12B0020D99B /* AppDelegate.swift */,
				B491B24C1EAFA12B0020D99B /* ViewController.swift */,
				B491B24E1EAFA12B0020D99B /* Main.storyboard */,
				B491B2511EAFA12B0020D99B /* Assets.xcassets */,
				B491B2531EAFA12B0020D99B /* LaunchScreen.storyboard */,
				B491B2561EAFA12B0020D99B /* Info.plist */,
			);
			path = Paid;
			sourceTree = "<group>";
		};
		B491B25E1EAFA12C0020D99B /* PaidTests */ = {
			isa = PBXGroup;
			children = (
				B491B25F1EAFA12C0020D99B /* PaidTests.swift */,
				B491B2611EAFA12C0020D99B /* Info.plist */,
			);
			path = PaidTests;
			sourceTree = "<group>";
		};
/* End PBXGroup section */

/* Begin PBXNativeTarget section */
		B491B2461EAFA12B0020D99B /* Paid */ = {
			isa = PBXNativeTarget;
			buildConfigurationList = B491B2641EAFA12C0020D99B /* Build configuration list for PBXNativeTarget "Paid" */;
			buildPhases = (
				B37B5A6D5B298F20F4031C73 /* [CP] Check Pods Manifest.lock */,
				B491B2431EAFA12B0020D99B /* Sources */,
				B491B2441EAFA12B0020D99B /* Frameworks */,
				B491B2451EAFA12B0020D99B /* Resources */,
				0BF204251FD3C4ED5C5F607E /* [CP] Embed Pods Frameworks */,
				A260DF17B28054579EB0E890 /* [CP] Copy Pods Resources */,
			);
			buildRules = (
			);
			dependencies = (
			);
			name = Paid;
			productName = Paid;
			productReference = B491B2471EAFA12B0020D99B /* Paid.app */;
			productType = "com.apple.product-type.application";
		};
		B491B25A1EAFA12C0020D99B /* PaidTests */ = {
			isa = PBXNativeTarget;
			buildConfigurationList = B491B2671EAFA12C0020D99B /* Build configuration list for PBXNativeTarget "PaidTests" */;
			buildPhases = (
				7BD01F6ADB0B10BBCAFEB87F /* [CP] Check Pods Manifest.lock */,
				B491B2571EAFA12C0020D99B /* Sources */,
				B491B2581EAFA12C0020D99B /* Frameworks */,
				B491B2591EAFA12C0020D99B /* Resources */,
				A1AB9C35C7A91D172E187461 /* [CP] Embed Pods Frameworks */,
				7A1677E46097948F5EE860FF /* [CP] Copy Pods Resources */,
			);
			buildRules = (
			);
			dependencies = (
				B491B25D1EAFA12C0020D99B /* PBXTargetDependency */,
			);
			name = PaidTests;
			productName = PaidTests;
			productReference = B491B25B1EAFA12C0020D99B /* PaidTests.xctest */;
			productType = "com.apple.product-type.bundle.unit-test";
		};
/* End PBXNativeTarget section */

/* Begin PBXProject section */
		B491B23F1EAFA12B0020D99B /* Project object */ = {
			isa = PBXProject;
			attributes = {
				LastSwiftUpdateCheck = 0830;
				LastUpgradeCheck = 0830;
				ORGANIZATIONNAME = Marblzz;
				TargetAttributes = {
					B491B2461EAFA12B0020D99B = {
						CreatedOnToolsVersion = 8.3;
						DevelopmentTeam = 8DH35U5R9Q;
						ProvisioningStyle = Automatic;
					};
					B491B25A1EAFA12C0020D99B = {
						CreatedOnToolsVersion = 8.3;
						DevelopmentTeam = 8DH35U5R9Q;
						ProvisioningStyle = Automatic;
						TestTargetID = B491B2461EAFA12B0020D99B;
					};
				};
			};
			buildConfigurationList = B491B2421EAFA12B0020D99B /* Build configuration list for PBXProject "Paid" */;
			compatibilityVersion = "Xcode 3.2";
			developmentRegion = English;
			hasScannedForEncodings = 0;
			knownRegions = (
				en,
				Base,
			);
			mainGroup = B491B23E1EAFA12B0020D99B;
			productRefGroup = B491B2481EAFA12B0020D99B /* Products */;
			projectDirPath = "";
			projectRoot = "";
			targets = (
				B491B2461EAFA12B0020D99B /* Paid */,
				B491B25A1EAFA12C0020D99B /* PaidTests */,
			);
		};
/* End PBXProject section */

/* Begin PBXResourcesBuildPhase section */
		B491B2451EAFA12B0020D99B /* Resources */ = {
			isa = PBXResourcesBuildPhase;
			buildActionMask = 2147483647;
			files = (
				B491B2551EAFA12B0020D99B /* LaunchScreen.storyboard in Resources */,
				B491B2521EAFA12B0020D99B /* Assets.xcassets in Resources */,
				B491B2501EAFA12B0020D99B /* Main.storyboard in Resources */,
			);
			runOnlyForDeploymentPostprocessing = 0;
		};
		B491B2591EAFA12C0020D99B /* Resources */ = {
			isa = PBXResourcesBuildPhase;
			buildActionMask = 2147483647;
			files = (
			);
			runOnlyForDeploymentPostprocessing = 0;
		};
/* End PBXResourcesBuildPhase section */

/* Begin PBXShellScriptBuildPhase section */
		0BF204251FD3C4ED5C5F607E /* [CP] Embed Pods Frameworks */ = {
			isa = PBXShellScriptBuildPhase;
			buildActionMask = 2147483647;
			files = (
			);
			inputPaths = (
			);
			name = "[CP] Embed Pods Frameworks";
			outputPaths = (
			);
			runOnlyForDeploymentPostprocessing = 0;
			shellPath = /bin/sh;
			shellScript = "\"${SRCROOT}/Pods/Target Support Files/Pods-Paid/Pods-Paid-frameworks.sh\"\n";
			showEnvVarsInLog = 0;
		};
		7A1677E46097948F5EE860FF /* [CP] Copy Pods Resources */ = {
			isa = PBXShellScriptBuildPhase;
			buildActionMask = 2147483647;
			files = (
			);
			inputPaths = (
			);
			name = "[CP] Copy Pods Resources";
			outputPaths = (
			);
			runOnlyForDeploymentPostprocessing = 0;
			shellPath = /bin/sh;
			shellScript = "\"${SRCROOT}/Pods/Target Support Files/Pods-PaidTests/Pods-PaidTests-resources.sh\"\n";
			showEnvVarsInLog = 0;
		};
		7BD01F6ADB0B10BBCAFEB87F /* [CP] Check Pods Manifest.lock */ = {
			isa = PBXShellScriptBuildPhase;
			buildActionMask = 2147483647;
			files = (
			);
			inputPaths = (
			);
			name = "[CP] Check Pods Manifest.lock";
			outputPaths = (
			);
			runOnlyForDeploymentPostprocessing = 0;
			shellPath = /bin/sh;
			shellScript = "diff \"${PODS_ROOT}/../Podfile.lock\" \"${PODS_ROOT}/Manifest.lock\" > /dev/null\nif [ $? != 0 ] ; then\n    # print error to STDERR\n    echo \"error: The sandbox is not in sync with the Podfile.lock. Run 'pod install' or update your CocoaPods installation.\" >&2\n    exit 1\nfi\n";
			showEnvVarsInLog = 0;
		};
		A1AB9C35C7A91D172E187461 /* [CP] Embed Pods Frameworks */ = {
			isa = PBXShellScriptBuildPhase;
			buildActionMask = 2147483647;
			files = (
			);
			inputPaths = (
			);
			name = "[CP] Embed Pods Frameworks";
			outputPaths = (
			);
			runOnlyForDeploymentPostprocessing = 0;
			shellPath = /bin/sh;
			shellScript = "\"${SRCROOT}/Pods/Target Support Files/Pods-PaidTests/Pods-PaidTests-frameworks.sh\"\n";
			showEnvVarsInLog = 0;
		};
		A260DF17B28054579EB0E890 /* [CP] Copy Pods Resources */ = {
			isa = PBXShellScriptBuildPhase;
			buildActionMask = 2147483647;
			files = (
			);
			inputPaths = (
			);
			name = "[CP] Copy Pods Resources";
			outputPaths = (
			);
			runOnlyForDeploymentPostprocessing = 0;
			shellPath = /bin/sh;
			shellScript = "\"${SRCROOT}/Pods/Target Support Files/Pods-Paid/Pods-Paid-resources.sh\"\n";
			showEnvVarsInLog = 0;
		};
		B37B5A6D5B298F20F4031C73 /* [CP] Check Pods Manifest.lock */ = {
			isa = PBXShellScriptBuildPhase;
			buildActionMask = 2147483647;
			files = (
			);
			inputPaths = (
			);
			name = "[CP] Check Pods Manifest.lock";
			outputPaths = (
			);
			runOnlyForDeploymentPostprocessing = 0;
			shellPath = /bin/sh;
			shellScript = "diff \"${PODS_ROOT}/../Podfile.lock\" \"${PODS_ROOT}/Manifest.lock\" > /dev/null\nif [ $? != 0 ] ; then\n    # print error to STDERR\n    echo \"error: The sandbox is not in sync with the Podfile.lock. Run 'pod install' or update your CocoaPods installation.\" >&2\n    exit 1\nfi\n";
			showEnvVarsInLog = 0;
		};
/* End PBXShellScriptBuildPhase section */

/* Begin PBXSourcesBuildPhase section */
		B491B2431EAFA12B0020D99B /* Sources */ = {
			isa = PBXSourcesBuildPhase;
			buildActionMask = 2147483647;
			files = (
				B491B24D1EAFA12B0020D99B /* ViewController.swift in Sources */,
				B491B24B1EAFA12B0020D99B /* AppDelegate.swift in Sources */,
			);
			runOnlyForDeploymentPostprocessing = 0;
		};
		B491B2571EAFA12C0020D99B /* Sources */ = {
			isa = PBXSourcesBuildPhase;
			buildActionMask = 2147483647;
			files = (
				B491B2601EAFA12C0020D99B /* PaidTests.swift in Sources */,
			);
			runOnlyForDeploymentPostprocessing = 0;
		};
/* End PBXSourcesBuildPhase section */

/* Begin PBXTargetDependency section */
		B491B25D1EAFA12C0020D99B /* PBXTargetDependency */ = {
			isa = PBXTargetDependency;
			target = B491B2461EAFA12B0020D99B /* Paid */;
			targetProxy = B491B25C1EAFA12C0020D99B /* PBXContainerItemProxy */;
		};
/* End PBXTargetDependency section */

/* Begin PBXVariantGroup section */
		B491B24E1EAFA12B0020D99B /* Main.storyboard */ = {
			isa = PBXVariantGroup;
			children = (
				B491B24F1EAFA12B0020D99B /* Base */,
			);
			name = Main.storyboard;
			sourceTree = "<group>";
		};
		B491B2531EAFA12B0020D99B /* LaunchScreen.storyboard */ = {
			isa = PBXVariantGroup;
			children = (
				B491B2541EAFA12B0020D99B /* Base */,
			);
			name = LaunchScreen.storyboard;
			sourceTree = "<group>";
		};
/* End PBXVariantGroup section */

/* Begin XCBuildConfiguration section */
		B491B2621EAFA12C0020D99B /* Debug */ = {
			isa = XCBuildConfiguration;
			buildSettings = {
				ALWAYS_SEARCH_USER_PATHS = NO;
				CLANG_ANALYZER_NONNULL = YES;
				CLANG_ANALYZER_NUMBER_OBJECT_CONVERSION = YES_AGGRESSIVE;
				CLANG_CXX_LANGUAGE_STANDARD = "gnu++0x";
				CLANG_CXX_LIBRARY = "libc++";
				CLANG_ENABLE_MODULES = YES;
				CLANG_ENABLE_OBJC_ARC = YES;
				CLANG_WARN_BOOL_CONVERSION = YES;
				CLANG_WARN_CONSTANT_CONVERSION = YES;
				CLANG_WARN_DIRECT_OBJC_ISA_USAGE = YES_ERROR;
				CLANG_WARN_DOCUMENTATION_COMMENTS = YES;
				CLANG_WARN_EMPTY_BODY = YES;
				CLANG_WARN_ENUM_CONVERSION = YES;
				CLANG_WARN_INFINITE_RECURSION = YES;
				CLANG_WARN_INT_CONVERSION = YES;
				CLANG_WARN_OBJC_ROOT_CLASS = YES_ERROR;
				CLANG_WARN_SUSPICIOUS_MOVE = YES;
				CLANG_WARN_UNREACHABLE_CODE = YES;
				CLANG_WARN__DUPLICATE_METHOD_MATCH = YES;
				"CODE_SIGN_IDENTITY[sdk=iphoneos*]" = "iPhone Developer";
				COPY_PHASE_STRIP = NO;
				DEBUG_INFORMATION_FORMAT = dwarf;
				ENABLE_STRICT_OBJC_MSGSEND = YES;
				ENABLE_TESTABILITY = YES;
				GCC_C_LANGUAGE_STANDARD = gnu99;
				GCC_DYNAMIC_NO_PIC = NO;
				GCC_NO_COMMON_BLOCKS = YES;
				GCC_OPTIMIZATION_LEVEL = 0;
				GCC_PREPROCESSOR_DEFINITIONS = (
					"DEBUG=1",
					"$(inherited)",
				);
				GCC_WARN_64_TO_32_BIT_CONVERSION = YES;
				GCC_WARN_ABOUT_RETURN_TYPE = YES_ERROR;
				GCC_WARN_UNDECLARED_SELECTOR = YES;
				GCC_WARN_UNINITIALIZED_AUTOS = YES_AGGRESSIVE;
				GCC_WARN_UNUSED_FUNCTION = YES;
				GCC_WARN_UNUSED_VARIABLE = YES;
				IPHONEOS_DEPLOYMENT_TARGET = 10.3;
				MTL_ENABLE_DEBUG_INFO = YES;
				ONLY_ACTIVE_ARCH = YES;
				SDKROOT = iphoneos;
				SWIFT_ACTIVE_COMPILATION_CONDITIONS = DEBUG;
				SWIFT_OPTIMIZATION_LEVEL = "-Onone";
				TARGETED_DEVICE_FAMILY = "1,2";
			};
			name = Debug;
		};
		B491B2631EAFA12C0020D99B /* Release */ = {
			isa = XCBuildConfiguration;
			buildSettings = {
				ALWAYS_SEARCH_USER_PATHS = NO;
				CLANG_ANALYZER_NONNULL = YES;
				CLANG_ANALYZER_NUMBER_OBJECT_CONVERSION = YES_AGGRESSIVE;
				CLANG_CXX_LANGUAGE_STANDARD = "gnu++0x";
				CLANG_CXX_LIBRARY = "libc++";
				CLANG_ENABLE_MODULES = YES;
				CLANG_ENABLE_OBJC_ARC = YES;
				CLANG_WARN_BOOL_CONVERSION = YES;
				CLANG_WARN_CONSTANT_CONVERSION = YES;
				CLANG_WARN_DIRECT_OBJC_ISA_USAGE = YES_ERROR;
				CLANG_WARN_DOCUMENTATION_COMMENTS = YES;
				CLANG_WARN_EMPTY_BODY = YES;
				CLANG_WARN_ENUM_CONVERSION = YES;
				CLANG_WARN_INFINITE_RECURSION = YES;
				CLANG_WARN_INT_CONVERSION = YES;
				CLANG_WARN_OBJC_ROOT_CLASS = YES_ERROR;
				CLANG_WARN_SUSPICIOUS_MOVE = YES;
				CLANG_WARN_UNREACHABLE_CODE = YES;
				CLANG_WARN__DUPLICATE_METHOD_MATCH = YES;
				"CODE_SIGN_IDENTITY[sdk=iphoneos*]" = "iPhone Developer";
				COPY_PHASE_STRIP = NO;
				DEBUG_INFORMATION_FORMAT = "dwarf-with-dsym";
				ENABLE_NS_ASSERTIONS = NO;
				ENABLE_STRICT_OBJC_MSGSEND = YES;
				GCC_C_LANGUAGE_STANDARD = gnu99;
				GCC_NO_COMMON_BLOCKS = YES;
				GCC_WARN_64_TO_32_BIT_CONVERSION = YES;
				GCC_WARN_ABOUT_RETURN_TYPE = YES_ERROR;
				GCC_WARN_UNDECLARED_SELECTOR = YES;
				GCC_WARN_UNINITIALIZED_AUTOS = YES_AGGRESSIVE;
				GCC_WARN_UNUSED_FUNCTION = YES;
				GCC_WARN_UNUSED_VARIABLE = YES;
				IPHONEOS_DEPLOYMENT_TARGET = 10.3;
				MTL_ENABLE_DEBUG_INFO = NO;
				SDKROOT = iphoneos;
				SWIFT_OPTIMIZATION_LEVEL = "-Owholemodule";
				TARGETED_DEVICE_FAMILY = "1,2";
				VALIDATE_PRODUCT = YES;
			};
			name = Release;
		};
		B491B2651EAFA12C0020D99B /* Debug */ = {
			isa = XCBuildConfiguration;
			baseConfigurationReference = 63F8DDE8C42E71E024A96CC7 /* Pods-Paid.debug.xcconfig */;
			buildSettings = {
				ASSETCATALOG_COMPILER_APPICON_NAME = AppIcon;
				DEVELOPMENT_TEAM = 8DH35U5R9Q;
				INFOPLIST_FILE = Paid/Info.plist;
				LD_RUNPATH_SEARCH_PATHS = "$(inherited) @executable_path/Frameworks";
				PRODUCT_BUNDLE_IDENTIFIER = com.marblzz.Paid;
				PRODUCT_NAME = "$(TARGET_NAME)";
				SWIFT_VERSION = 3.0;
			};
			name = Debug;
		};
		B491B2661EAFA12C0020D99B /* Release */ = {
			isa = XCBuildConfiguration;
			baseConfigurationReference = A5A8FEA53F5F0430EC5D07ED /* Pods-Paid.release.xcconfig */;
			buildSettings = {
				ASSETCATALOG_COMPILER_APPICON_NAME = AppIcon;
				DEVELOPMENT_TEAM = 8DH35U5R9Q;
				INFOPLIST_FILE = Paid/Info.plist;
				LD_RUNPATH_SEARCH_PATHS = "$(inherited) @executable_path/Frameworks";
				PRODUCT_BUNDLE_IDENTIFIER = com.marblzz.Paid;
				PRODUCT_NAME = "$(TARGET_NAME)";
				SWIFT_VERSION = 3.0;
			};
			name = Release;
		};
		B491B2681EAFA12C0020D99B /* Debug */ = {
			isa = XCBuildConfiguration;
			baseConfigurationReference = 89D0F55EA6F19CFA7239D245 /* Pods-PaidTests.debug.xcconfig */;
			buildSettings = {
				ALWAYS_EMBED_SWIFT_STANDARD_LIBRARIES = YES;
				BUNDLE_LOADER = "$(TEST_HOST)";
				DEVELOPMENT_TEAM = 8DH35U5R9Q;
				INFOPLIST_FILE = PaidTests/Info.plist;
				LD_RUNPATH_SEARCH_PATHS = "$(inherited) @executable_path/Frameworks @loader_path/Frameworks";
				PRODUCT_BUNDLE_IDENTIFIER = com.marblzz.PaidTests;
				PRODUCT_NAME = "$(TARGET_NAME)";
				SWIFT_VERSION = 3.0;
				TEST_HOST = "$(BUILT_PRODUCTS_DIR)/Paid.app/Paid";
			};
			name = Debug;
		};
		B491B2691EAFA12C0020D99B /* Release */ = {
			isa = XCBuildConfiguration;
			baseConfigurationReference = 7C56C1BBDDB54366FD2A6AE9 /* Pods-PaidTests.release.xcconfig */;
			buildSettings = {
				ALWAYS_EMBED_SWIFT_STANDARD_LIBRARIES = YES;
				BUNDLE_LOADER = "$(TEST_HOST)";
				DEVELOPMENT_TEAM = 8DH35U5R9Q;
				INFOPLIST_FILE = PaidTests/Info.plist;
				LD_RUNPATH_SEARCH_PATHS = "$(inherited) @executable_path/Frameworks @loader_path/Frameworks";
				PRODUCT_BUNDLE_IDENTIFIER = com.marblzz.PaidTests;
				PRODUCT_NAME = "$(TARGET_NAME)";
				SWIFT_VERSION = 3.0;
				TEST_HOST = "$(BUILT_PRODUCTS_DIR)/Paid.app/Paid";
			};
			name = Release;
		};
/* End XCBuildConfiguration section */

/* Begin XCConfigurationList section */
		B491B2421EAFA12B0020D99B /* Build configuration list for PBXProject "Paid" */ = {
			isa = XCConfigurationList;
			buildConfigurations = (
				B491B2621EAFA12C0020D99B /* Debug */,
				B491B2631EAFA12C0020D99B /* Release */,
			);
			defaultConfigurationIsVisible = 0;
			defaultConfigurationName = Release;
		};
		B491B2641EAFA12C0020D99B /* Build configuration list for PBXNativeTarget "Paid" */ = {
			isa = XCConfigurationList;
			buildConfigurations = (
				B491B2651EAFA12C0020D99B /* Debug */,
				B491B2661EAFA12C0020D99B /* Release */,
			);
			defaultConfigurationIsVisible = 0;
		};
		B491B2671EAFA12C0020D99B /* Build configuration list for PBXNativeTarget "PaidTests" */ = {
			isa = XCConfigurationList;
			buildConfigurations = (
				B491B2681EAFA12C0020D99B /* Debug */,
				B491B2691EAFA12C0020D99B /* Release */,
			);
			defaultConfigurationIsVisible = 0;
		};
/* End XCConfigurationList section */
	};
	rootObject = B491B23F1EAFA12B0020D99B /* Project object */;
}
