PODS:
  - GSMessages (1.3.2)
  - ZFRippleButton (0.6)

DEPENDENCIES:
  - GSMessages
  - ZFRippleButton

SPEC CHECKSUMS:
  GSMessages: 73bddd1a1276ffb8832347112f8d9f48770a6bc0
  ZFRippleButton: 62ea35e209757704dea697d66489fe69c13d7b77

PODFILE CHECKSUM: 394d15468bdec46ebd97d2fe99a1f7d9ba0bfe11

COCOAPODS: 1.2.0
